
Microsoft Visual Studio Solution File, Format Version 12.00
# Visual Studio Version 17
VisualStudioVersion = 17.3.32901.215
MinimumVisualStudioVersion = 10.0.40219.1
Project("{FAE04EC0-301F-11D3-BF4B-00C04F79EFBC}") = "AzSQLConnTest", "AzSQLConnTest\AzSQLConnTest.csproj", "{A718AF75-B8C0-45D3-8102-6E764E899E9F}"
EndProject
Global
	GlobalSection(SolutionConfigurationPlatforms) = preSolution
		Debug|Any CPU = Debug|Any CPU
		Release|Any CPU = Release|Any CPU
	EndGlobalSection
	GlobalSection(ProjectConfigurationPlatforms) = postSolution
		{A718AF75-B8C0-45D3-8102-6E764E899E9F}.Debug|Any CPU.ActiveCfg = Debug|Any CPU
		{A718AF75-B8C0-45D3-8102-6E764E899E9F}.Debug|Any CPU.Build.0 = Debug|Any CPU
		{A718AF75-B8C0-45D3-8102-6E764E899E9F}.Release|Any CPU.ActiveCfg = Release|Any CPU
		{A718AF75-B8C0-45D3-8102-6E764E899E9F}.Release|Any CPU.Build.0 = Release|Any CPU
	EndGlobalSection
	GlobalSection(SolutionProperties) = preSolution
		HideSolutionNode = FALSE
	EndGlobalSection
	GlobalSection(ExtensibilityGlobals) = postSolution
		SolutionGuid = {4748B6AB-E7CB-47D1-BC80-1A22412659D3}
	EndGlobalSection
EndGlobal
